
Microsoft Visual Studio Solution File, Format Version 12.00
# Visual Studio Version 17
VisualStudioVersion = 17.3.32804.467
MinimumVisualStudioVersion = 10.0.40219.1
Project("{9A19103F-16F7-4668-BE54-9A1E7A4F7556}") = "Lesson 2", "Lesson 2\Lesson 2.csproj", "{589D5D59-ECDC-4A01-9C75-3F284449FD2A}"
EndProject
Global
	GlobalSection(SolutionConfigurationPlatforms) = preSolution
		Debug|Any CPU = Debug|Any CPU
		Release|Any CPU = Release|Any CPU
	EndGlobalSection
	GlobalSection(ProjectConfigurationPlatforms) = postSolution
		{589D5D59-ECDC-4A01-9C75-3F284449FD2A}.Debug|Any CPU.ActiveCfg = Debug|Any CPU
		{589D5D59-ECDC-4A01-9C75-3F284449FD2A}.Debug|Any CPU.Build.0 = Debug|Any CPU
		{589D5D59-ECDC-4A01-9C75-3F284449FD2A}.Release|Any CPU.ActiveCfg = Release|Any CPU
		{589D5D59-ECDC-4A01-9C75-3F284449FD2A}.Release|Any CPU.Build.0 = Release|Any CPU
	EndGlobalSection
	GlobalSection(SolutionProperties) = preSolution
		HideSolutionNode = FALSE
	EndGlobalSection
	GlobalSection(ExtensibilityGlobals) = postSolution
		SolutionGuid = {6946F3FF-B8F1-4242-A1AF-0E6BA2CEC3EB}
	EndGlobalSection
EndGlobal
